{
    "requires": true,
    "lockfileVersion": 1,
    "dependencies": {
        "bs-stepper": {
            "version": "1.7.0",
            "resolved": "https://registry.npmjs.org/bs-stepper/-/bs-stepper-1.7.0.tgz",
            "integrity": "sha512-+DX7UKKgw2GI6ucsSCRd19VHYrxf/8znRCLs1lQVVLxz+h7EqgIOxoHcJ0/QTaaNoR9Cwg78ydo6hXIasyd3LA=="
        },
        "core-js": {
            "version": "2.6.11",
            "resolved": "https://registry.npmjs.org/core-js/-/core-js-2.6.11.tgz",
            "integrity": "sha512-5wjnpaT/3dV+XB4borEsnAYQchn00XSgTAWKDkEqv+K8KevjbzmofK6hfJ9TZIlpj2N0xQpazy7PiRQiWHqzWg=="
        },
        "lodash-es": {
            "version": "4.17.15",
            "resolved": "https://registry.npmjs.org/lodash-es/-/lodash-es-4.17.15.tgz",
            "integrity": "sha512-rlrc3yU3+JNOpZ9zj5pQtxnx2THmvRykwL4Xlxoa8I9lHBlVbbyPhgyPMioxVZ4NqyxaVVtaJnzsyOidQIhyyQ=="
        },
        "smooth-scrollbar": {
            "version": "8.5.1",
            "resolved": "https://registry.npmjs.org/smooth-scrollbar/-/smooth-scrollbar-8.5.1.tgz",
            "integrity": "sha512-SSL3j6aMq59hCbtwYOnY37qMLAVCBM0MfCuvpaLuhe8a5BuM5GnmBHuGSuxU7zLbF2pOkiyX9SkNBlrrptCHcA==",
            "requires": {
                "core-js": "^2.6.9",
                "lodash-es": "^4.17.15",
                "tslib": "^1.10.0"
            }
        },
        "tslib": {
            "version": "1.10.0",
            "resolved": "https://registry.npmjs.org/tslib/-/tslib-1.10.0.tgz",
            "integrity": "sha512-qOebF53frne81cf0S9B41ByenJ3/IuH8yJKngAX35CmiZySA0khhkovshKK+jGCaMnVomla7gVlIcc3EvKPbTQ=="
        }
    }
}
